
Microsoft Visual Studio Solution File, Format Version 12.00
# Visual Studio Express 2013 for Web
VisualStudioVersion = 12.0.21005.1
MinimumVisualStudioVersion = 10.0.40219.1
Project("{FAE04EC0-301F-11D3-BF4B-00C04F79EFBC}") = "Specials.DAL", "Specials.DAL\Specials.DAL.csproj", "{8C226480-FA7F-46AE-9C4B-8054F1D8B3F1}"
EndProject
Project("{FAE04EC0-301F-11D3-BF4B-00C04F79EFBC}") = "Specials.UI", "Specials.UI\Specials.UI.csproj", "{2835FDBA-96BA-4D5C-850D-A909BB12F4E3}"
EndProject
Global
	GlobalSection(SolutionConfigurationPlatforms) = preSolution
		Debug|Any CPU = Debug|Any CPU
		Release|Any CPU = Release|Any CPU
	EndGlobalSection
	GlobalSection(ProjectConfigurationPlatforms) = postSolution
		{8C226480-FA7F-46AE-9C4B-8054F1D8B3F1}.Debug|Any CPU.ActiveCfg = Debug|Any CPU
		{8C226480-FA7F-46AE-9C4B-8054F1D8B3F1}.Debug|Any CPU.Build.0 = Debug|Any CPU
		{8C226480-FA7F-46AE-9C4B-8054F1D8B3F1}.Release|Any CPU.ActiveCfg = Release|Any CPU
		{8C226480-FA7F-46AE-9C4B-8054F1D8B3F1}.Release|Any CPU.Build.0 = Release|Any CPU
		{2835FDBA-96BA-4D5C-850D-A909BB12F4E3}.Debug|Any CPU.ActiveCfg = Debug|Any CPU
		{2835FDBA-96BA-4D5C-850D-A909BB12F4E3}.Debug|Any CPU.Build.0 = Debug|Any CPU
		{2835FDBA-96BA-4D5C-850D-A909BB12F4E3}.Release|Any CPU.ActiveCfg = Release|Any CPU
		{2835FDBA-96BA-4D5C-850D-A909BB12F4E3}.Release|Any CPU.Build.0 = Release|Any CPU
	EndGlobalSection
	GlobalSection(SolutionProperties) = preSolution
		HideSolutionNode = FALSE
	EndGlobalSection
EndGlobal
